// !$*UTF8*$!
{
	archiveVersion = 1;
	classes = {
	};
	objectVersion = 45;
	objects = {

/* Begin PBXBuildFile section */
		1D3623260D0F684500981E51 /* utlityAppDelegate.mm in Sources */ = {isa = PBXBuildFile; fileRef = 1D3623250D0F684500981E51 /* utlityAppDelegate.mm */; };
		1D60589B0D05DD56006BFB54 /* main.m in Sources */ = {isa = PBXBuildFile; fileRef = 29B97316FDCFA39411CA2CEA /* main.m */; };
		1D60589F0D05DD5A006BFB54 /* Foundation.framework in Frameworks */ = {isa = PBXBuildFile; fileRef = 1D30AB110D05D00D00671497 /* Foundation.framework */; };
		1DF5F4E00D08C38300B7A737 /* UIKit.framework in Frameworks */ = {isa = PBXBuildFile; fileRef = 1DF5F4DF0D08C38300B7A737 /* UIKit.framework */; };
		280E754D0DD40C5E005A515E /* FlipsideView.xib in Resources */ = {isa = PBXBuildFile; fileRef = 280E754A0DD40C5E005A515E /* FlipsideView.xib */; };
		280E754E0DD40C5E005A515E /* MainView.xib in Resources */ = {isa = PBXBuildFile; fileRef = 280E754B0DD40C5E005A515E /* MainView.xib */; };
		288765590DF743DE002DB57D /* CoreGraphics.framework in Frameworks */ = {isa = PBXBuildFile; fileRef = 288765580DF743DE002DB57D /* CoreGraphics.framework */; };
		289233A60DB2D0840083E9F9 /* FlipsideView.m in Sources */ = {isa = PBXBuildFile; fileRef = 289233A30DB2D0840083E9F9 /* FlipsideView.m */; };
		289233AE0DB2D0DB0083E9F9 /* MainViewController.mm in Sources */ = {isa = PBXBuildFile; fileRef = 289233A90DB2D0DB0083E9F9 /* MainViewController.mm */; };
		289233B00DB2D0DB0083E9F9 /* FlipsideViewController.m in Sources */ = {isa = PBXBuildFile; fileRef = 289233AD0DB2D0DB0083E9F9 /* FlipsideViewController.m */; };
		E718E13418D51FB500F1C553 /* Default-568h@2x.png in Resources */ = {isa = PBXBuildFile; fileRef = E718E13318D51FB500F1C553 /* Default-568h@2x.png */; };
		E718E13618D5255600F1C553 /* MainWindow.xib in Resources */ = {isa = PBXBuildFile; fileRef = E718E13518D5255600F1C553 /* MainWindow.xib */; };
		E7879F35122FEA980025CEB1 /* needle.png in Resources */ = {isa = PBXBuildFile; fileRef = E7879F34122FEA980025CEB1 /* needle.png */; };
		E7879F37122FEAE30025CEB1 /* bottomedge.png in Resources */ = {isa = PBXBuildFile; fileRef = E7879F36122FEAE30025CEB1 /* bottomedge.png */; };
		E7879F4A122FED410025CEB1 /* Animate.m in Sources */ = {isa = PBXBuildFile; fileRef = E7879F49122FED410025CEB1 /* Animate.m */; };
		E787A174122FFDCF0025CEB1 /* NoteAnalyzer.mm in Sources */ = {isa = PBXBuildFile; fileRef = E787A171122FFDCF0025CEB1 /* NoteAnalyzer.mm */; };
		E787A175122FFDCF0025CEB1 /* FastFourier.cpp in Sources */ = {isa = PBXBuildFile; fileRef = E787A172122FFDCF0025CEB1 /* FastFourier.cpp */; };
		E787A24812329BD30025CEB1 /* TunerAudioInput.mm in Sources */ = {isa = PBXBuildFile; fileRef = E787A24712329BD30025CEB1 /* TunerAudioInput.mm */; };
		E787A2A912329C090025CEB1 /* AudioToolbox.framework in Frameworks */ = {isa = PBXBuildFile; fileRef = E787A2A812329C090025CEB1 /* AudioToolbox.framework */; };
		E787A8DC12353E0D0025CEB1 /* sharptrans.gif in Resources */ = {isa = PBXBuildFile; fileRef = E787A8D912353E0D0025CEB1 /* sharptrans.gif */; };
		E787A8DD12353E0D0025CEB1 /* flattrans.gif in Resources */ = {isa = PBXBuildFile; fileRef = E787A8DA12353E0D0025CEB1 /* flattrans.gif */; };
		E787A8E312353E6D0025CEB1 /* icon.png in Resources */ = {isa = PBXBuildFile; fileRef = E787A8E212353E6D0025CEB1 /* icon.png */; };
		E787A93B123598850025CEB1 /* metertop.png in Resources */ = {isa = PBXBuildFile; fileRef = E787A93A123598850025CEB1 /* metertop.png */; };
		E787A9C11235A57C0025CEB1 /* led.png in Resources */ = {isa = PBXBuildFile; fileRef = E787A9C01235A57C0025CEB1 /* led.png */; };
/* End PBXBuildFile section */

/* Begin PBXFileReference section */
		1D30AB110D05D00D00671497 /* Foundation.framework */ = {isa = PBXFileReference; lastKnownFileType = wrapper.framework; name = Foundation.framework; path = System/Library/Frameworks/Foundation.framework; sourceTree = SDKROOT; };
		1D3623240D0F684500981E51 /* utlityAppDelegate.h */ = {isa = PBXFileReference; fileEncoding = 4; lastKnownFileType = sourcecode.c.h; path = utlityAppDelegate.h; sourceTree = "<group>"; };
		1D3623250D0F684500981E51 /* utlityAppDelegate.mm */ = {isa = PBXFileReference; fileEncoding = 4; lastKnownFileType = sourcecode.cpp.objcpp; path = utlityAppDelegate.mm; sourceTree = "<group>"; };
		1D6058910D05DD3D006BFB54 /* iOS Guitar Tuner.app */ = {isa = PBXFileReference; explicitFileType = wrapper.application; includeInIndex = 0; path = "iOS Guitar Tuner.app"; sourceTree = BUILT_PRODUCTS_DIR; };
		1DF5F4DF0D08C38300B7A737 /* UIKit.framework */ = {isa = PBXFileReference; lastKnownFileType = wrapper.framework; name = UIKit.framework; path = System/Library/Frameworks/UIKit.framework; sourceTree = SDKROOT; };
		280E754A0DD40C5E005A515E /* FlipsideView.xib */ = {isa = PBXFileReference; lastKnownFileType = file.xib; path = FlipsideView.xib; sourceTree = "<group>"; };
		280E754B0DD40C5E005A515E /* MainView.xib */ = {isa = PBXFileReference; lastKnownFileType = file.xib; path = MainView.xib; sourceTree = "<group>"; };
		288765580DF743DE002DB57D /* CoreGraphics.framework */ = {isa = PBXFileReference; lastKnownFileType = wrapper.framework; name = CoreGraphics.framework; path = System/Library/Frameworks/CoreGraphics.framework; sourceTree = SDKROOT; };
		289233A20DB2D0840083E9F9 /* FlipsideView.h */ = {isa = PBXFileReference; fileEncoding = 4; lastKnownFileType = sourcecode.c.h; name = FlipsideView.h; path = Classes/FlipsideView.h; sourceTree = "<group>"; };
		289233A30DB2D0840083E9F9 /* FlipsideView.m */ = {isa = PBXFileReference; fileEncoding = 4; lastKnownFileType = sourcecode.c.objc; name = FlipsideView.m; path = Classes/FlipsideView.m; sourceTree = "<group>"; };
		289233A80DB2D0DB0083E9F9 /* MainViewController.h */ = {isa = PBXFileReference; fileEncoding = 4; lastKnownFileType = sourcecode.c.h; name = MainViewController.h; path = Classes/MainViewController.h; sourceTree = "<group>"; };
		289233A90DB2D0DB0083E9F9 /* MainViewController.mm */ = {isa = PBXFileReference; fileEncoding = 4; lastKnownFileType = sourcecode.cpp.objcpp; name = MainViewController.mm; path = Classes/MainViewController.mm; sourceTree = "<group>"; };
		289233AC0DB2D0DB0083E9F9 /* FlipsideViewController.h */ = {isa = PBXFileReference; fileEncoding = 4; lastKnownFileType = sourcecode.c.h; name = FlipsideViewController.h; path = Classes/FlipsideViewController.h; sourceTree = "<group>"; };
		289233AD0DB2D0DB0083E9F9 /* FlipsideViewController.m */ = {isa = PBXFileReference; fileEncoding = 4; lastKnownFileType = sourcecode.c.objc; name = FlipsideViewController.m; path = Classes/FlipsideViewController.m; sourceTree = "<group>"; };
		29B97316FDCFA39411CA2CEA /* main.m */ = {isa = PBXFileReference; fileEncoding = 4; lastKnownFileType = sourcecode.c.objc; path = main.m; sourceTree = "<group>"; };
		32CA4F630368D1EE00C91783 /* iOS Guitar Tuner_Prefix.pch */ = {isa = PBXFileReference; fileEncoding = 4; lastKnownFileType = sourcecode.c.h; path = "iOS Guitar Tuner_Prefix.pch"; sourceTree = "<group>"; };
		8D1107310486CEB800E47090 /* iOS Guitar Tuner-Info.plist */ = {isa = PBXFileReference; fileEncoding = 4; lastKnownFileType = text.plist.xml; path = "iOS Guitar Tuner-Info.plist"; plistStructureDefinitionIdentifier = "com.apple.xcode.plist.structure-definition.iphone.info-plist"; sourceTree = "<group>"; };
		E718E13318D51FB500F1C553 /* Default-568h@2x.png */ = {isa = PBXFileReference; lastKnownFileType = image.png; path = "Default-568h@2x.png"; sourceTree = "<group>"; };
		E718E13518D5255600F1C553 /* MainWindow.xib */ = {isa = PBXFileReference; fileEncoding = 4; lastKnownFileType = file.xib; path = MainWindow.xib; sourceTree = "<group>"; };
		E7879F34122FEA980025CEB1 /* needle.png */ = {isa = PBXFileReference; lastKnownFileType = image.png; path = needle.png; sourceTree = "<group>"; };
		E7879F36122FEAE30025CEB1 /* bottomedge.png */ = {isa = PBXFileReference; lastKnownFileType = image.png; path = bottomedge.png; sourceTree = "<group>"; };
		E7879F48122FED410025CEB1 /* Animate.h */ = {isa = PBXFileReference; fileEncoding = 4; lastKnownFileType = sourcecode.c.h; path = Animate.h; sourceTree = "<group>"; };
		E7879F49122FED410025CEB1 /* Animate.m */ = {isa = PBXFileReference; fileEncoding = 4; lastKnownFileType = sourcecode.c.objc; path = Animate.m; sourceTree = "<group>"; };
		E787A170122FFDCF0025CEB1 /* NoteAnalyzer.h */ = {isa = PBXFileReference; fileEncoding = 4; lastKnownFileType = sourcecode.c.h; path = NoteAnalyzer.h; sourceTree = "<group>"; };
		E787A171122FFDCF0025CEB1 /* NoteAnalyzer.mm */ = {isa = PBXFileReference; fileEncoding = 4; lastKnownFileType = sourcecode.cpp.objcpp; path = NoteAnalyzer.mm; sourceTree = "<group>"; };
		E787A172122FFDCF0025CEB1 /* FastFourier.cpp */ = {isa = PBXFileReference; fileEncoding = 4; lastKnownFileType = sourcecode.cpp.cpp; path = FastFourier.cpp; sourceTree = "<group>"; };
		E787A173122FFDCF0025CEB1 /* FastFourier.h */ = {isa = PBXFileReference; fileEncoding = 4; lastKnownFileType = sourcecode.c.h; path = FastFourier.h; sourceTree = "<group>"; };
		E787A24612329BD30025CEB1 /* TunerAudioInput.h */ = {isa = PBXFileReference; fileEncoding = 4; lastKnownFileType = sourcecode.c.h; path = TunerAudioInput.h; sourceTree = "<group>"; };
		E787A24712329BD30025CEB1 /* TunerAudioInput.mm */ = {isa = PBXFileReference; fileEncoding = 4; lastKnownFileType = sourcecode.cpp.objcpp; path = TunerAudioInput.mm; sourceTree = "<group>"; };
		E787A2A812329C090025CEB1 /* AudioToolbox.framework */ = {isa = PBXFileReference; lastKnownFileType = wrapper.framework; name = AudioToolbox.framework; path = /System/Library/Frameworks/AudioToolbox.framework; sourceTree = "<absolute>"; };
		E787A8D912353E0D0025CEB1 /* sharptrans.gif */ = {isa = PBXFileReference; lastKnownFileType = image.gif; path = sharptrans.gif; sourceTree = "<group>"; };
		E787A8DA12353E0D0025CEB1 /* flattrans.gif */ = {isa = PBXFileReference; lastKnownFileType = image.gif; path = flattrans.gif; sourceTree = "<group>"; };
		E787A8E212353E6D0025CEB1 /* icon.png */ = {isa = PBXFileReference; lastKnownFileType = image.png; path = icon.png; sourceTree = "<group>"; };
		E787A93A123598850025CEB1 /* metertop.png */ = {isa = PBXFileReference; lastKnownFileType = image.png; path = metertop.png; sourceTree = "<group>"; };
		E787A9C01235A57C0025CEB1 /* led.png */ = {isa = PBXFileReference; lastKnownFileType = image.png; path = led.png; sourceTree = "<group>"; };
/* End PBXFileReference section */

/* Begin PBXFrameworksBuildPhase section */
		1D60588F0D05DD3D006BFB54 /* Frameworks */ = {
			isa = PBXFrameworksBuildPhase;
			buildActionMask = 2147483647;
			files = (
				1D60589F0D05DD5A006BFB54 /* Foundation.framework in Frameworks */,
				1DF5F4E00D08C38300B7A737 /* UIKit.framework in Frameworks */,
				288765590DF743DE002DB57D /* CoreGraphics.framework in Frameworks */,
				E787A2A912329C090025CEB1 /* AudioToolbox.framework in Frameworks */,
			);
			runOnlyForDeploymentPostprocessing = 0;
		};
/* End PBXFrameworksBuildPhase section */

/* Begin PBXGroup section */
		080E96DDFE201D6D7F000001 /* Application Delegate */ = {
			isa = PBXGroup;
			children = (
				1D3623240D0F684500981E51 /* utlityAppDelegate.h */,
				1D3623250D0F684500981E51 /* utlityAppDelegate.mm */,
			);
			name = "Application Delegate";
			path = Classes;
			sourceTree = "<group>";
		};
		19C28FACFE9D520D11CA2CBB /* Products */ = {
			isa = PBXGroup;
			children = (
				1D6058910D05DD3D006BFB54 /* iOS Guitar Tuner.app */,
			);
			name = Products;
			sourceTree = "<group>";
		};
		281C6CD70DB2D82200F60ACC /* Flipside View */ = {
			isa = PBXGroup;
			children = (
				289233A20DB2D0840083E9F9 /* FlipsideView.h */,
				289233A30DB2D0840083E9F9 /* FlipsideView.m */,
				289233AC0DB2D0DB0083E9F9 /* FlipsideViewController.h */,
				289233AD0DB2D0DB0083E9F9 /* FlipsideViewController.m */,
			);
			name = "Flipside View";
			sourceTree = "<group>";
		};
		289233A00DB2D0730083E9F9 /* Main View */ = {
			isa = PBXGroup;
			children = (
				289233A80DB2D0DB0083E9F9 /* MainViewController.h */,
				289233A90DB2D0DB0083E9F9 /* MainViewController.mm */,
			);
			name = "Main View";
			sourceTree = "<group>";
		};
		29B97314FDCFA39411CA2CEA /* CustomTemplate */ = {
			isa = PBXGroup;
			children = (
				E718E13318D51FB500F1C553 /* Default-568h@2x.png */,
				E787A8E212353E6D0025CEB1 /* icon.png */,
				E787A8D912353E0D0025CEB1 /* sharptrans.gif */,
				E787A8DA12353E0D0025CEB1 /* flattrans.gif */,
				289233A00DB2D0730083E9F9 /* Main View */,
				281C6CD70DB2D82200F60ACC /* Flipside View */,
				080E96DDFE201D6D7F000001 /* Application Delegate */,
				29B97315FDCFA39411CA2CEA /* Other Sources */,
				29B97317FDCFA39411CA2CEA /* Resources */,
				29B97323FDCFA39411CA2CEA /* Frameworks */,
				19C28FACFE9D520D11CA2CBB /* Products */,
			);
			name = CustomTemplate;
			sourceTree = "<group>";
		};
		29B97315FDCFA39411CA2CEA /* Other Sources */ = {
			isa = PBXGroup;
			children = (
				E787A24612329BD30025CEB1 /* TunerAudioInput.h */,
				E787A24712329BD30025CEB1 /* TunerAudioInput.mm */,
				E787A171122FFDCF0025CEB1 /* NoteAnalyzer.mm */,
				E787A170122FFDCF0025CEB1 /* NoteAnalyzer.h */,
				E787A172122FFDCF0025CEB1 /* FastFourier.cpp */,
				E787A173122FFDCF0025CEB1 /* FastFourier.h */,
				32CA4F630368D1EE00C91783 /* iOS Guitar Tuner_Prefix.pch */,
				29B97316FDCFA39411CA2CEA /* main.m */,
				E7879F48122FED410025CEB1 /* Animate.h */,
				E7879F49122FED410025CEB1 /* Animate.m */,
			);
			name = "Other Sources";
			sourceTree = "<group>";
		};
		29B97317FDCFA39411CA2CEA /* Resources */ = {
			isa = PBXGroup;
			children = (
				E787A9C01235A57C0025CEB1 /* led.png */,
				E787A93A123598850025CEB1 /* metertop.png */,
				E7879F36122FEAE30025CEB1 /* bottomedge.png */,
				E7879F34122FEA980025CEB1 /* needle.png */,
				E718E13518D5255600F1C553 /* MainWindow.xib */,
				280E754A0DD40C5E005A515E /* FlipsideView.xib */,
				280E754B0DD40C5E005A515E /* MainView.xib */,
				8D1107310486CEB800E47090 /* iOS Guitar Tuner-Info.plist */,
			);
			name = Resources;
			sourceTree = "<group>";
		};
		29B97323FDCFA39411CA2CEA /* Frameworks */ = {
			isa = PBXGroup;
			children = (
				E787A2A812329C090025CEB1 /* AudioToolbox.framework */,
				1DF5F4DF0D08C38300B7A737 /* UIKit.framework */,
				1D30AB110D05D00D00671497 /* Foundation.framework */,
				288765580DF743DE002DB57D /* CoreGraphics.framework */,
			);
			name = Frameworks;
			sourceTree = "<group>";
		};
/* End PBXGroup section */

/* Begin PBXNativeTarget section */
		1D6058900D05DD3D006BFB54 /* TuningFork */ = {
			isa = PBXNativeTarget;
			buildConfigurationList = 1D6058960D05DD3E006BFB54 /* Build configuration list for PBXNativeTarget "TuningFork" */;
			buildPhases = (
				1D60588D0D05DD3D006BFB54 /* Resources */,
				1D60588E0D05DD3D006BFB54 /* Sources */,
				1D60588F0D05DD3D006BFB54 /* Frameworks */,
			);
			buildRules = (
			);
			dependencies = (
			);
			name = TuningFork;
			productName = utlity;
			productReference = 1D6058910D05DD3D006BFB54 /* iOS Guitar Tuner.app */;
			productType = "com.apple.product-type.application";
		};
/* End PBXNativeTarget section */

/* Begin PBXProject section */
		29B97313FDCFA39411CA2CEA /* Project object */ = {
			isa = PBXProject;
			attributes = {
			};
			buildConfigurationList = C01FCF4E08A954540054247B /* Build configuration list for PBXProject "GTuner" */;
			compatibilityVersion = "Xcode 3.1";
			developmentRegion = English;
			hasScannedForEncodings = 1;
			knownRegions = (
				English,
				Japanese,
				French,
				German,
				en,
			);
			mainGroup = 29B97314FDCFA39411CA2CEA /* CustomTemplate */;
			projectDirPath = "";
			projectRoot = "";
			targets = (
				1D6058900D05DD3D006BFB54 /* TuningFork */,
			);
		};
/* End PBXProject section */

/* Begin PBXResourcesBuildPhase section */
		1D60588D0D05DD3D006BFB54 /* Resources */ = {
			isa = PBXResourcesBuildPhase;
			buildActionMask = 2147483647;
			files = (
				E718E13618D5255600F1C553 /* MainWindow.xib in Resources */,
				280E754D0DD40C5E005A515E /* FlipsideView.xib in Resources */,
				E718E13418D51FB500F1C553 /* Default-568h@2x.png in Resources */,
				280E754E0DD40C5E005A515E /* MainView.xib in Resources */,
				E7879F35122FEA980025CEB1 /* needle.png in Resources */,
				E7879F37122FEAE30025CEB1 /* bottomedge.png in Resources */,
				E787A8DC12353E0D0025CEB1 /* sharptrans.gif in Resources */,
				E787A8DD12353E0D0025CEB1 /* flattrans.gif in Resources */,
				E787A8E312353E6D0025CEB1 /* icon.png in Resources */,
				E787A93B123598850025CEB1 /* metertop.png in Resources */,
				E787A9C11235A57C0025CEB1 /* led.png in Resources */,
			);
			runOnlyForDeploymentPostprocessing = 0;
		};
/* End PBXResourcesBuildPhase section */

/* Begin PBXSourcesBuildPhase section */
		1D60588E0D05DD3D006BFB54 /* Sources */ = {
			isa = PBXSourcesBuildPhase;
			buildActionMask = 2147483647;
			files = (
				1D60589B0D05DD56006BFB54 /* main.m in Sources */,
				1D3623260D0F684500981E51 /* utlityAppDelegate.mm in Sources */,
				289233A60DB2D0840083E9F9 /* FlipsideView.m in Sources */,
				289233AE0DB2D0DB0083E9F9 /* MainViewController.mm in Sources */,
				289233B00DB2D0DB0083E9F9 /* FlipsideViewController.m in Sources */,
				E7879F4A122FED410025CEB1 /* Animate.m in Sources */,
				E787A174122FFDCF0025CEB1 /* NoteAnalyzer.mm in Sources */,
				E787A175122FFDCF0025CEB1 /* FastFourier.cpp in Sources */,
				E787A24812329BD30025CEB1 /* TunerAudioInput.mm in Sources */,
			);
			runOnlyForDeploymentPostprocessing = 0;
		};
/* End PBXSourcesBuildPhase section */

/* Begin XCBuildConfiguration section */
		1D6058940D05DD3E006BFB54 /* Debug */ = {
			isa = XCBuildConfiguration;
			buildSettings = {
				ALWAYS_SEARCH_USER_PATHS = NO;
				COPY_PHASE_STRIP = NO;
				GCC_DYNAMIC_NO_PIC = NO;
				GCC_OPTIMIZATION_LEVEL = 0;
				GCC_PRECOMPILE_PREFIX_HEADER = YES;
				GCC_PREFIX_HEADER = "iOS Guitar Tuner_Prefix.pch";
				INFOPLIST_FILE = "iOS Guitar Tuner-Info.plist";
				PRODUCT_NAME = "iOS Guitar Tuner";
			};
			name = Debug;
		};
		1D6058950D05DD3E006BFB54 /* Release */ = {
			isa = XCBuildConfiguration;
			buildSettings = {
				ALWAYS_SEARCH_USER_PATHS = NO;
				COPY_PHASE_STRIP = YES;
				GCC_PRECOMPILE_PREFIX_HEADER = YES;
				GCC_PREFIX_HEADER = "iOS Guitar Tuner_Prefix.pch";
				INFOPLIST_FILE = "iOS Guitar Tuner-Info.plist";
				PRODUCT_NAME = "iOS Guitar Tuner";
			};
			name = Release;
		};
		C01FCF4F08A954540054247B /* Debug */ = {
			isa = XCBuildConfiguration;
			buildSettings = {
				ARCHS = "$(ARCHS_STANDARD_32_BIT)";
				"CODE_SIGN_IDENTITY[sdk=iphoneos*]" = "iPhone Developer";
				GCC_C_LANGUAGE_STANDARD = c99;
				GCC_WARN_ABOUT_RETURN_TYPE = YES;
				GCC_WARN_UNUSED_VARIABLE = YES;
				PREBINDING = NO;
				SDKROOT = iphoneos3.1.2;
			};
			name = Debug;
		};
		C01FCF5008A954540054247B /* Release */ = {
			isa = XCBuildConfiguration;
			buildSettings = {
				ARCHS = "$(ARCHS_STANDARD_32_BIT)";
				"CODE_SIGN_IDENTITY[sdk=iphoneos*]" = "iPhone Developer";
				GCC_C_LANGUAGE_STANDARD = c99;
				GCC_WARN_ABOUT_RETURN_TYPE = YES;
				GCC_WARN_UNUSED_VARIABLE = YES;
				PREBINDING = NO;
				SDKROOT = iphoneos3.1.2;
			};
			name = Release;
		};
/* End XCBuildConfiguration section */

/* Begin XCConfigurationList section */
		1D6058960D05DD3E006BFB54 /* Build configuration list for PBXNativeTarget "TuningFork" */ = {
			isa = XCConfigurationList;
			buildConfigurations = (
				1D6058940D05DD3E006BFB54 /* Debug */,
				1D6058950D05DD3E006BFB54 /* Release */,
			);
			defaultConfigurationIsVisible = 0;
			defaultConfigurationName = Release;
		};
		C01FCF4E08A954540054247B /* Build configuration list for PBXProject "GTuner" */ = {
			isa = XCConfigurationList;
			buildConfigurations = (
				C01FCF4F08A954540054247B /* Debug */,
				C01FCF5008A954540054247B /* Release */,
			);
			defaultConfigurationIsVisible = 0;
			defaultConfigurationName = Release;
		};
/* End XCConfigurationList section */
	};
	rootObject = 29B97313FDCFA39411CA2CEA /* Project object */;
}
